
Microsoft Visual Studio Solution File, Format Version 12.00
# Visual Studio Version 17
VisualStudioVersion = 17.7.34024.191
MinimumVisualStudioVersion = 10.0.40219.1
Project("{FAE04EC0-301F-11D3-BF4B-00C04F79EFBC}") = "sourcecode", "sourcecode\sourcecode.csproj", "{FF505D02-465E-4618-83F9-28A9F8213A96}"
EndProject
Global
	GlobalSection(SolutionConfigurationPlatforms) = preSolution
		Debug|Any CPU = Debug|Any CPU
		Release|Any CPU = Release|Any CPU
	EndGlobalSection
	GlobalSection(ProjectConfigurationPlatforms) = postSolution
		{FF505D02-465E-4618-83F9-28A9F8213A96}.Debug|Any CPU.ActiveCfg = Debug|Any CPU
		{FF505D02-465E-4618-83F9-28A9F8213A96}.Debug|Any CPU.Build.0 = Debug|Any CPU
		{FF505D02-465E-4618-83F9-28A9F8213A96}.Release|Any CPU.ActiveCfg = Release|Any CPU
		{FF505D02-465E-4618-83F9-28A9F8213A96}.Release|Any CPU.Build.0 = Release|Any CPU
	EndGlobalSection
	GlobalSection(SolutionProperties) = preSolution
		HideSolutionNode = FALSE
	EndGlobalSection
	GlobalSection(ExtensibilityGlobals) = postSolution
		SolutionGuid = {C86D00CA-2BAC-4F1F-B504-CB1F6EF455CA}
	EndGlobalSection
EndGlobal
